
Microsoft Visual Studio Solution File, Format Version 12.00
# Visual Studio Version 17
VisualStudioVersion = 17.1.32407.343
MinimumVisualStudioVersion = 10.0.40219.1
Project("{FAE04EC0-301F-11D3-BF4B-00C04F79EFBC}") = "KYHdag5_ListorOchSträngar", "KYHdag5_ListorOchSträngar.csproj", "{95F0DD53-CBE3-401F-A7DA-8AE992104AD1}"
EndProject
Global
	GlobalSection(SolutionConfigurationPlatforms) = preSolution
		Debug|Any CPU = Debug|Any CPU
		Release|Any CPU = Release|Any CPU
	EndGlobalSection
	GlobalSection(ProjectConfigurationPlatforms) = postSolution
		{95F0DD53-CBE3-401F-A7DA-8AE992104AD1}.Debug|Any CPU.ActiveCfg = Debug|Any CPU
		{95F0DD53-CBE3-401F-A7DA-8AE992104AD1}.Debug|Any CPU.Build.0 = Debug|Any CPU
		{95F0DD53-CBE3-401F-A7DA-8AE992104AD1}.Release|Any CPU.ActiveCfg = Release|Any CPU
		{95F0DD53-CBE3-401F-A7DA-8AE992104AD1}.Release|Any CPU.Build.0 = Release|Any CPU
	EndGlobalSection
	GlobalSection(SolutionProperties) = preSolution
		HideSolutionNode = FALSE
	EndGlobalSection
	GlobalSection(ExtensibilityGlobals) = postSolution
		SolutionGuid = {BC29591A-6E95-4615-8205-47EB44FF17FC}
	EndGlobalSection
EndGlobal
